
Microsoft Visual Studio Solution File, Format Version 12.00
# Visual Studio Version 16
VisualStudioVersion = 16.0.29613.14
MinimumVisualStudioVersion = 10.0.40219.1
Project("{FAE04EC0-301F-11D3-BF4B-00C04F79EFBC}") = "Lab3", "Lab3\Lab3.csproj", "{B8A6913C-0894-4499-8828-BBDB81FC757D}"
EndProject
Global
	GlobalSection(SolutionConfigurationPlatforms) = preSolution
		Debug|Any CPU = Debug|Any CPU
		Release|Any CPU = Release|Any CPU
	EndGlobalSection
	GlobalSection(ProjectConfigurationPlatforms) = postSolution
		{B8A6913C-0894-4499-8828-BBDB81FC757D}.Debug|Any CPU.ActiveCfg = Debug|Any CPU
		{B8A6913C-0894-4499-8828-BBDB81FC757D}.Debug|Any CPU.Build.0 = Debug|Any CPU
		{B8A6913C-0894-4499-8828-BBDB81FC757D}.Release|Any CPU.ActiveCfg = Release|Any CPU
		{B8A6913C-0894-4499-8828-BBDB81FC757D}.Release|Any CPU.Build.0 = Release|Any CPU
	EndGlobalSection
	GlobalSection(SolutionProperties) = preSolution
		HideSolutionNode = FALSE
	EndGlobalSection
	GlobalSection(ExtensibilityGlobals) = postSolution
		SolutionGuid = {728777CE-75BB-4C54-B5A3-7E5203DC3DFE}
	EndGlobalSection
EndGlobal
