
Microsoft Visual Studio Solution File, Format Version 12.00
# Visual Studio Version 16
VisualStudioVersion = 16.0.31605.320
MinimumVisualStudioVersion = 10.0.40219.1
Project("{FAE04EC0-301F-11D3-BF4B-00C04F79EFBC}") = "Prog1A", "Prog1A\Prog1A.csproj", "{BA65B39B-FD28-47FC-988C-C7704F0822FF}"
EndProject
Global
	GlobalSection(SolutionConfigurationPlatforms) = preSolution
		Debug|Any CPU = Debug|Any CPU
		Release|Any CPU = Release|Any CPU
	EndGlobalSection
	GlobalSection(ProjectConfigurationPlatforms) = postSolution
		{BA65B39B-FD28-47FC-988C-C7704F0822FF}.Debug|Any CPU.ActiveCfg = Debug|Any CPU
		{BA65B39B-FD28-47FC-988C-C7704F0822FF}.Debug|Any CPU.Build.0 = Debug|Any CPU
		{BA65B39B-FD28-47FC-988C-C7704F0822FF}.Release|Any CPU.ActiveCfg = Release|Any CPU
		{BA65B39B-FD28-47FC-988C-C7704F0822FF}.Release|Any CPU.Build.0 = Release|Any CPU
	EndGlobalSection
	GlobalSection(SolutionProperties) = preSolution
		HideSolutionNode = FALSE
	EndGlobalSection
	GlobalSection(ExtensibilityGlobals) = postSolution
		SolutionGuid = {71FC4F6B-47E3-4C7C-9005-B6A85AFACC13}
	EndGlobalSection
EndGlobal
